
Microsoft Visual Studio Solution File, Format Version 12.00
# Visual Studio Version 17
VisualStudioVersion = 17.7.34009.444
MinimumVisualStudioVersion = 10.0.40219.1
Project("{FAE04EC0-301F-11D3-BF4B-00C04F79EFBC}") = "S01PF1", "S01PF1\S01PF1.csproj", "{11C5BE15-9315-496C-A790-854BF1982A6D}"
EndProject
Global
	GlobalSection(SolutionConfigurationPlatforms) = preSolution
		Debug|Any CPU = Debug|Any CPU
		Release|Any CPU = Release|Any CPU
	EndGlobalSection
	GlobalSection(ProjectConfigurationPlatforms) = postSolution
		{11C5BE15-9315-496C-A790-854BF1982A6D}.Debug|Any CPU.ActiveCfg = Debug|Any CPU
		{11C5BE15-9315-496C-A790-854BF1982A6D}.Debug|Any CPU.Build.0 = Debug|Any CPU
		{11C5BE15-9315-496C-A790-854BF1982A6D}.Release|Any CPU.ActiveCfg = Release|Any CPU
		{11C5BE15-9315-496C-A790-854BF1982A6D}.Release|Any CPU.Build.0 = Release|Any CPU
	EndGlobalSection
	GlobalSection(SolutionProperties) = preSolution
		HideSolutionNode = FALSE
	EndGlobalSection
	GlobalSection(ExtensibilityGlobals) = postSolution
		SolutionGuid = {D96A3395-6EA6-4755-A635-0476A17F765E}
	EndGlobalSection
EndGlobal
